
Microsoft Visual Studio Solution File, Format Version 12.00
# Visual Studio 15
VisualStudioVersion = 15.0.28010.2046
MinimumVisualStudioVersion = 10.0.40219.1
Project("{FAE04EC0-301F-11D3-BF4B-00C04F79EFBC}") = "DictionaryApp.Android", "DictionaryApp\DictionaryApp.Android\DictionaryApp.Android.csproj", "{896F2B96-4CF1-4270-A394-717229D286F2}"
EndProject
Project("{FAE04EC0-301F-11D3-BF4B-00C04F79EFBC}") = "DictionaryApp", "DictionaryApp\DictionaryApp\DictionaryApp.csproj", "{9531F175-BA19-4B1A-9E3F-49DEA4E594D0}"
EndProject
Global
	GlobalSection(SolutionConfigurationPlatforms) = preSolution
		Debug|Any CPU = Debug|Any CPU
		Release|Any CPU = Release|Any CPU
	EndGlobalSection
	GlobalSection(ProjectConfigurationPlatforms) = postSolution
		{896F2B96-4CF1-4270-A394-717229D286F2}.Debug|Any CPU.ActiveCfg = Debug|Any CPU
		{896F2B96-4CF1-4270-A394-717229D286F2}.Debug|Any CPU.Build.0 = Debug|Any CPU
		{896F2B96-4CF1-4270-A394-717229D286F2}.Debug|Any CPU.Deploy.0 = Debug|Any CPU
		{896F2B96-4CF1-4270-A394-717229D286F2}.Release|Any CPU.ActiveCfg = Release|Any CPU
		{896F2B96-4CF1-4270-A394-717229D286F2}.Release|Any CPU.Build.0 = Release|Any CPU
		{896F2B96-4CF1-4270-A394-717229D286F2}.Release|Any CPU.Deploy.0 = Release|Any CPU
		{9531F175-BA19-4B1A-9E3F-49DEA4E594D0}.Debug|Any CPU.ActiveCfg = Debug|Any CPU
		{9531F175-BA19-4B1A-9E3F-49DEA4E594D0}.Debug|Any CPU.Build.0 = Debug|Any CPU
		{9531F175-BA19-4B1A-9E3F-49DEA4E594D0}.Release|Any CPU.ActiveCfg = Release|Any CPU
		{9531F175-BA19-4B1A-9E3F-49DEA4E594D0}.Release|Any CPU.Build.0 = Release|Any CPU
	EndGlobalSection
	GlobalSection(SolutionProperties) = preSolution
		HideSolutionNode = FALSE
	EndGlobalSection
	GlobalSection(ExtensibilityGlobals) = postSolution
		SolutionGuid = {A459021C-4A44-4C1C-B9F9-4AAEB8BFF1CC}
	EndGlobalSection
EndGlobal
